
Microsoft Visual Studio Solution File, Format Version 12.00
# Visual Studio 14
VisualStudioVersion = 14.0.25420.1
MinimumVisualStudioVersion = 10.0.40219.1
Project("{FAE04EC0-301F-11D3-BF4B-00C04F79EFBC}") = "WFASinemaSalonu", "WFASinemaSalonu\WFASinemaSalonu.csproj", "{4BA0A804-1B9C-4EA4-927D-9FD2C4B39C8F}"
EndProject
Global
	GlobalSection(SolutionConfigurationPlatforms) = preSolution
		Debug|Any CPU = Debug|Any CPU
		Release|Any CPU = Release|Any CPU
	EndGlobalSection
	GlobalSection(ProjectConfigurationPlatforms) = postSolution
		{4BA0A804-1B9C-4EA4-927D-9FD2C4B39C8F}.Debug|Any CPU.ActiveCfg = Debug|Any CPU
		{4BA0A804-1B9C-4EA4-927D-9FD2C4B39C8F}.Debug|Any CPU.Build.0 = Debug|Any CPU
		{4BA0A804-1B9C-4EA4-927D-9FD2C4B39C8F}.Release|Any CPU.ActiveCfg = Release|Any CPU
		{4BA0A804-1B9C-4EA4-927D-9FD2C4B39C8F}.Release|Any CPU.Build.0 = Release|Any CPU
	EndGlobalSection
	GlobalSection(SolutionProperties) = preSolution
		HideSolutionNode = FALSE
	EndGlobalSection
EndGlobal
